{
  "name": "que_are_you",
  "version": "1.0.0",
  "lockfileVersion": 1,
  "requires": true,
  "dependencies": {
    "jsqr": {
      "version": "1.1.1",
      "resolved": "https://registry.npmjs.org/jsqr/-/jsqr-1.1.1.tgz",
      "integrity": "sha512-FVoMU2ncTyjaOqN/vwvDnZ7jaAVvFzM3LK3vG3jvQZFWJQlAwJ1XTCOgAEKo+4Rkd6ydMXTTvqGV/4w5VunmTw=="
    },
    "rb": {
      "version": "0.2.2",
      "resolved": "https://registry.npmjs.org/rb/-/rb-0.2.2.tgz",
      "integrity": "sha512-ouXYKV6bbsLchRLSHuoGc1yT1e/8Hh0cYZM41UIaEi00DviTwYb6iPVKJuma1RpGr2YLyWKxJQBtr4+hJmdg7Q=="
    }
  }
}
